
Microsoft Visual Studio Solution File, Format Version 12.00
# Visual Studio Version 16
VisualStudioVersion = 16.0.30104.148
MinimumVisualStudioVersion = 10.0.40219.1
Project("{FAE04EC0-301F-11D3-BF4B-00C04F79EFBC}") = "MathOperation", "MathOperation\MathOperation.csproj", "{30832C29-3882-4CF2-84AD-B78475F6D9B5}"
EndProject
Project("{FAE04EC0-301F-11D3-BF4B-00C04F79EFBC}") = "Animals", "Animals\Animals.csproj", "{C548A5AD-2F08-49CD-A940-174F64426768}"
EndProject
Project("{FAE04EC0-301F-11D3-BF4B-00C04F79EFBC}") = "Shapes", "Shapes\Shapes.csproj", "{D188A377-DA32-4205-9ECD-F25C48D9866E}"
EndProject
Global
	GlobalSection(SolutionConfigurationPlatforms) = preSolution
		Debug|Any CPU = Debug|Any CPU
		Release|Any CPU = Release|Any CPU
	EndGlobalSection
	GlobalSection(ProjectConfigurationPlatforms) = postSolution
		{30832C29-3882-4CF2-84AD-B78475F6D9B5}.Debug|Any CPU.ActiveCfg = Debug|Any CPU
		{30832C29-3882-4CF2-84AD-B78475F6D9B5}.Debug|Any CPU.Build.0 = Debug|Any CPU
		{30832C29-3882-4CF2-84AD-B78475F6D9B5}.Release|Any CPU.ActiveCfg = Release|Any CPU
		{30832C29-3882-4CF2-84AD-B78475F6D9B5}.Release|Any CPU.Build.0 = Release|Any CPU
		{C548A5AD-2F08-49CD-A940-174F64426768}.Debug|Any CPU.ActiveCfg = Debug|Any CPU
		{C548A5AD-2F08-49CD-A940-174F64426768}.Debug|Any CPU.Build.0 = Debug|Any CPU
		{C548A5AD-2F08-49CD-A940-174F64426768}.Release|Any CPU.ActiveCfg = Release|Any CPU
		{C548A5AD-2F08-49CD-A940-174F64426768}.Release|Any CPU.Build.0 = Release|Any CPU
		{D188A377-DA32-4205-9ECD-F25C48D9866E}.Debug|Any CPU.ActiveCfg = Debug|Any CPU
		{D188A377-DA32-4205-9ECD-F25C48D9866E}.Debug|Any CPU.Build.0 = Debug|Any CPU
		{D188A377-DA32-4205-9ECD-F25C48D9866E}.Release|Any CPU.ActiveCfg = Release|Any CPU
		{D188A377-DA32-4205-9ECD-F25C48D9866E}.Release|Any CPU.Build.0 = Release|Any CPU
	EndGlobalSection
	GlobalSection(SolutionProperties) = preSolution
		HideSolutionNode = FALSE
	EndGlobalSection
	GlobalSection(ExtensibilityGlobals) = postSolution
		SolutionGuid = {4917EF3A-8623-4398-A096-EF2E08C164DF}
	EndGlobalSection
EndGlobal
